
Microsoft Visual Studio Solution File, Format Version 10.00
# Visual Studio 2008
Project("{8BC9CEB8-8B4A-11D0-8D11-00A0C91BC942}") = "Launcher", "Launcher\Launcher.vcproj", "{701B5071-EBE6-463C-A4DD-E34E84AB77DC}"
EndProject
Project("{8BC9CEB8-8B4A-11D0-8D11-00A0C91BC942}") = "Rcon", "Rcon\Rcon.vcproj", "{FA5AD173-A683-4306-8A72-0601B63E9313}"
	ProjectSection(ProjectDependencies) = postProject
		{6D20E5EA-DBFC-4681-B533-843E5ADE0205} = {6D20E5EA-DBFC-4681-B533-843E5ADE0205}
	EndProjectSection
EndProject
Project("{8BC9CEB8-8B4A-11D0-8D11-00A0C91BC942}") = "Server", "Server\Server.vcproj", "{CD712CB3-C5BE-4F94-8855-747444022678}"
	ProjectSection(ProjectDependencies) = postProject
		{C71EB676-CCAC-40E8-B499-2BE23494E8C4} = {C71EB676-CCAC-40E8-B499-2BE23494E8C4}
		{6D20E5EA-DBFC-4681-B533-843E5ADE0205} = {6D20E5EA-DBFC-4681-B533-843E5ADE0205}
	EndProjectSection
EndProject
Project("{8BC9CEB8-8B4A-11D0-8D11-00A0C91BC942}") = "Client", "Client\Client.vcproj", "{24F45D58-098D-42B1-973A-8A3F9C8EA41E}"
	ProjectSection(ProjectDependencies) = postProject
		{21DB5D0C-2F40-4D79-BE75-021E3D35B2F9} = {21DB5D0C-2F40-4D79-BE75-021E3D35B2F9}
		{D0DA3016-67C0-4CD8-BAD1-2D122AC2D29D} = {D0DA3016-67C0-4CD8-BAD1-2D122AC2D29D}
		{9006D124-5D00-4CB7-BAD9-F527B19502C9} = {9006D124-5D00-4CB7-BAD9-F527B19502C9}
		{8E0E9342-236E-4FAB-8B70-6A21A6E8F463} = {8E0E9342-236E-4FAB-8B70-6A21A6E8F463}
		{5FA80F62-F74B-C345-A587-9EE3AE670A32} = {5FA80F62-F74B-C345-A587-9EE3AE670A32}
		{88C5D06A-5980-0647-BC68-BE6C88366928} = {88C5D06A-5980-0647-BC68-BE6C88366928}
		{C71EB676-CCAC-40E8-B499-2BE23494E8C4} = {C71EB676-CCAC-40E8-B499-2BE23494E8C4}
		{0757FC7D-A029-4C29-B806-9CC05DC384A1} = {0757FC7D-A029-4C29-B806-9CC05DC384A1}
		{A2C74D85-9E16-BB4E-8A48-8D1EDADCC83D} = {A2C74D85-9E16-BB4E-8A48-8D1EDADCC83D}
		{475EFD90-1640-A748-9B08-ABA21C0B992D} = {475EFD90-1640-A748-9B08-ABA21C0B992D}
		{38F8D6D1-8D5D-4543-9C7E-23AE0DE3A1E0} = {38F8D6D1-8D5D-4543-9C7E-23AE0DE3A1E0}
		{6D20E5EA-DBFC-4681-B533-843E5ADE0205} = {6D20E5EA-DBFC-4681-B533-843E5ADE0205}
	EndProjectSection
EndProject
Project("{8BC9CEB8-8B4A-11D0-8D11-00A0C91BC942}") = "RakNet", "RakNet\RakNet.vcproj", "{6D20E5EA-DBFC-4681-B533-843E5ADE0205}"
EndProject
Project("{2150E333-8FDC-42A3-9474-1A3956D46DE8}") = "CEGUI", "CEGUI", "{8F5B90F3-4B43-45DF-B2DF-855A941F7DDA}"
EndProject
Project("{8BC9CEB8-8B4A-11D0-8D11-00A0C91BC942}") = "CEGUIBase", "Vendor\CEGUI\projects\premake\BaseSystem\CEGUIBase.vcproj", "{475EFD90-1640-A748-9B08-ABA21C0B992D}"
EndProject
Project("{8BC9CEB8-8B4A-11D0-8D11-00A0C91BC942}") = "CEGUISILLYImageCodec", "Vendor\CEGUI\projects\premake\ImageCodecModules\SILLYImageCodec\CEGUISILLYImageCodec.vcproj", "{5FA80F62-F74B-C345-A587-9EE3AE670A32}"
EndProject
Project("{8BC9CEB8-8B4A-11D0-8D11-00A0C91BC942}") = "CEGUIDirect3D8Renderer", "Vendor\CEGUI\projects\premake\RendererModules\Direct3D8\CEGUIDirect3D8Renderer.vcproj", "{8E0E9342-236E-4FAB-8B70-6A21A6E8F463}"
EndProject
Project("{8BC9CEB8-8B4A-11D0-8D11-00A0C91BC942}") = "CEGUIFalagardWRBase", "Vendor\CEGUI\projects\premake\WindowRendererSets\Falagard\CEGUIFalagardWRBase.vcproj", "{88C5D06A-5980-0647-BC68-BE6C88366928}"
EndProject
Project("{8BC9CEB8-8B4A-11D0-8D11-00A0C91BC942}") = "CEGUIExpatParser", "Vendor\CEGUI\projects\premake\XMLParserModules\expatParser\CEGUIExpatParser.vcproj", "{A2C74D85-9E16-BB4E-8A48-8D1EDADCC83D}"
EndProject
Project("{2150E333-8FDC-42A3-9474-1A3956D46DE8}") = "Dependencies", "Dependencies", "{5BBEB10F-F586-42B9-8E04-A3B219C20D9A}"
EndProject
Project("{8BC9CEB8-8B4A-11D0-8D11-00A0C91BC942}") = "expat_static", "Vendor\CEGUI\dependencies\expat-2.0.1\expat_static.vcproj", "{0757FC7D-A029-4C29-B806-9CC05DC384A1}"
EndProject
Project("{8BC9CEB8-8B4A-11D0-8D11-00A0C91BC942}") = "libjpeg", "Vendor\CEGUI\dependencies\jpeg-6b\projects\libjpeg.vcproj", "{D0DA3016-67C0-4CD8-BAD1-2D122AC2D29D}"
EndProject
Project("{8BC9CEB8-8B4A-11D0-8D11-00A0C91BC942}") = "libpng", "Vendor\CEGUI\dependencies\lpng142\projects\libpng.vcproj", "{21DB5D0C-2F40-4D79-BE75-021E3D35B2F9}"
EndProject
Project("{8BC9CEB8-8B4A-11D0-8D11-00A0C91BC942}") = "SILLY", "Vendor\CEGUI\dependencies\SILLY-0.1.0\SILLY.vcproj", "{38F8D6D1-8D5D-4543-9C7E-23AE0DE3A1E0}"
EndProject
Project("{8BC9CEB8-8B4A-11D0-8D11-00A0C91BC942}") = "zlib", "Vendor\CEGUI\dependencies\zlib-1.2.5\projects\zlib.vcproj", "{9006D124-5D00-4CB7-BAD9-F527B19502C9}"
EndProject
Project("{2150E333-8FDC-42A3-9474-1A3956D46DE8}") = "Vendor", "Vendor", "{AB9C4BC0-C0A4-448D-9437-1877689DA0C4}"
EndProject
Project("{8BC9CEB8-8B4A-11D0-8D11-00A0C91BC942}") = "squirrel", "vendor\squirrel\squirrel.vcproj", "{C71EB676-CCAC-40E8-B499-2BE23494E8C4}"
EndProject
Global
	GlobalSection(SolutionConfigurationPlatforms) = preSolution
		Debug|Win32 = Debug|Win32
		Release|Win32 = Release|Win32
	EndGlobalSection
	GlobalSection(ProjectConfigurationPlatforms) = postSolution
		{701B5071-EBE6-463C-A4DD-E34E84AB77DC}.Debug|Win32.ActiveCfg = Debug|Win32
		{701B5071-EBE6-463C-A4DD-E34E84AB77DC}.Debug|Win32.Build.0 = Debug|Win32
		{701B5071-EBE6-463C-A4DD-E34E84AB77DC}.Release|Win32.ActiveCfg = Release|Win32
		{701B5071-EBE6-463C-A4DD-E34E84AB77DC}.Release|Win32.Build.0 = Release|Win32
		{FA5AD173-A683-4306-8A72-0601B63E9313}.Debug|Win32.ActiveCfg = Debug|Win32
		{FA5AD173-A683-4306-8A72-0601B63E9313}.Debug|Win32.Build.0 = Debug|Win32
		{FA5AD173-A683-4306-8A72-0601B63E9313}.Release|Win32.ActiveCfg = Release|Win32
		{FA5AD173-A683-4306-8A72-0601B63E9313}.Release|Win32.Build.0 = Release|Win32
		{CD712CB3-C5BE-4F94-8855-747444022678}.Debug|Win32.ActiveCfg = Debug|Win32
		{CD712CB3-C5BE-4F94-8855-747444022678}.Debug|Win32.Build.0 = Debug|Win32
		{CD712CB3-C5BE-4F94-8855-747444022678}.Release|Win32.ActiveCfg = Release|Win32
		{CD712CB3-C5BE-4F94-8855-747444022678}.Release|Win32.Build.0 = Release|Win32
		{24F45D58-098D-42B1-973A-8A3F9C8EA41E}.Debug|Win32.ActiveCfg = Debug|Win32
		{24F45D58-098D-42B1-973A-8A3F9C8EA41E}.Debug|Win32.Build.0 = Debug|Win32
		{24F45D58-098D-42B1-973A-8A3F9C8EA41E}.Release|Win32.ActiveCfg = Release|Win32
		{24F45D58-098D-42B1-973A-8A3F9C8EA41E}.Release|Win32.Build.0 = Release|Win32
		{6D20E5EA-DBFC-4681-B533-843E5ADE0205}.Debug|Win32.ActiveCfg = Debug|Win32
		{6D20E5EA-DBFC-4681-B533-843E5ADE0205}.Debug|Win32.Build.0 = Debug|Win32
		{6D20E5EA-DBFC-4681-B533-843E5ADE0205}.Release|Win32.ActiveCfg = Release|Win32
		{6D20E5EA-DBFC-4681-B533-843E5ADE0205}.Release|Win32.Build.0 = Release|Win32
		{475EFD90-1640-A748-9B08-ABA21C0B992D}.Debug|Win32.ActiveCfg = Debug_Static|Win32
		{475EFD90-1640-A748-9B08-ABA21C0B992D}.Debug|Win32.Build.0 = Debug_Static|Win32
		{475EFD90-1640-A748-9B08-ABA21C0B992D}.Release|Win32.ActiveCfg = Release_Static|Win32
		{475EFD90-1640-A748-9B08-ABA21C0B992D}.Release|Win32.Build.0 = Release_Static|Win32
		{5FA80F62-F74B-C345-A587-9EE3AE670A32}.Debug|Win32.ActiveCfg = Debug_Static|Win32
		{5FA80F62-F74B-C345-A587-9EE3AE670A32}.Debug|Win32.Build.0 = Debug_Static|Win32
		{5FA80F62-F74B-C345-A587-9EE3AE670A32}.Release|Win32.ActiveCfg = Release_Static|Win32
		{5FA80F62-F74B-C345-A587-9EE3AE670A32}.Release|Win32.Build.0 = Release_Static|Win32
		{8E0E9342-236E-4FAB-8B70-6A21A6E8F463}.Debug|Win32.ActiveCfg = Debug_Static|Win32
		{8E0E9342-236E-4FAB-8B70-6A21A6E8F463}.Debug|Win32.Build.0 = Debug_Static|Win32
		{8E0E9342-236E-4FAB-8B70-6A21A6E8F463}.Release|Win32.ActiveCfg = Release_Static|Win32
		{8E0E9342-236E-4FAB-8B70-6A21A6E8F463}.Release|Win32.Build.0 = Release_Static|Win32
		{88C5D06A-5980-0647-BC68-BE6C88366928}.Debug|Win32.ActiveCfg = Debug_Static|Win32
		{88C5D06A-5980-0647-BC68-BE6C88366928}.Debug|Win32.Build.0 = Debug_Static|Win32
		{88C5D06A-5980-0647-BC68-BE6C88366928}.Release|Win32.ActiveCfg = Release_Static|Win32
		{88C5D06A-5980-0647-BC68-BE6C88366928}.Release|Win32.Build.0 = Release_Static|Win32
		{A2C74D85-9E16-BB4E-8A48-8D1EDADCC83D}.Debug|Win32.ActiveCfg = Debug_Static|Win32
		{A2C74D85-9E16-BB4E-8A48-8D1EDADCC83D}.Debug|Win32.Build.0 = Debug_Static|Win32
		{A2C74D85-9E16-BB4E-8A48-8D1EDADCC83D}.Release|Win32.ActiveCfg = Release_Static|Win32
		{A2C74D85-9E16-BB4E-8A48-8D1EDADCC83D}.Release|Win32.Build.0 = Release_Static|Win32
		{0757FC7D-A029-4C29-B806-9CC05DC384A1}.Debug|Win32.ActiveCfg = Debug|Win32
		{0757FC7D-A029-4C29-B806-9CC05DC384A1}.Debug|Win32.Build.0 = Debug|Win32
		{0757FC7D-A029-4C29-B806-9CC05DC384A1}.Release|Win32.ActiveCfg = Release|Win32
		{0757FC7D-A029-4C29-B806-9CC05DC384A1}.Release|Win32.Build.0 = Release|Win32
		{D0DA3016-67C0-4CD8-BAD1-2D122AC2D29D}.Debug|Win32.ActiveCfg = Debug|Win32
		{D0DA3016-67C0-4CD8-BAD1-2D122AC2D29D}.Debug|Win32.Build.0 = Debug|Win32
		{D0DA3016-67C0-4CD8-BAD1-2D122AC2D29D}.Release|Win32.ActiveCfg = Release|Win32
		{D0DA3016-67C0-4CD8-BAD1-2D122AC2D29D}.Release|Win32.Build.0 = Release|Win32
		{21DB5D0C-2F40-4D79-BE75-021E3D35B2F9}.Debug|Win32.ActiveCfg = Debug|Win32
		{21DB5D0C-2F40-4D79-BE75-021E3D35B2F9}.Debug|Win32.Build.0 = Debug|Win32
		{21DB5D0C-2F40-4D79-BE75-021E3D35B2F9}.Release|Win32.ActiveCfg = Release|Win32
		{21DB5D0C-2F40-4D79-BE75-021E3D35B2F9}.Release|Win32.Build.0 = Release|Win32
		{38F8D6D1-8D5D-4543-9C7E-23AE0DE3A1E0}.Debug|Win32.ActiveCfg = Debug|Win32
		{38F8D6D1-8D5D-4543-9C7E-23AE0DE3A1E0}.Debug|Win32.Build.0 = Debug|Win32
		{38F8D6D1-8D5D-4543-9C7E-23AE0DE3A1E0}.Release|Win32.ActiveCfg = Release|Win32
		{38F8D6D1-8D5D-4543-9C7E-23AE0DE3A1E0}.Release|Win32.Build.0 = Release|Win32
		{9006D124-5D00-4CB7-BAD9-F527B19502C9}.Debug|Win32.ActiveCfg = Debug|Win32
		{9006D124-5D00-4CB7-BAD9-F527B19502C9}.Debug|Win32.Build.0 = Debug|Win32
		{9006D124-5D00-4CB7-BAD9-F527B19502C9}.Release|Win32.ActiveCfg = Release|Win32
		{9006D124-5D00-4CB7-BAD9-F527B19502C9}.Release|Win32.Build.0 = Release|Win32
		{C71EB676-CCAC-40E8-B499-2BE23494E8C4}.Debug|Win32.ActiveCfg = Debug|Win32
		{C71EB676-CCAC-40E8-B499-2BE23494E8C4}.Debug|Win32.Build.0 = Debug|Win32
		{C71EB676-CCAC-40E8-B499-2BE23494E8C4}.Release|Win32.ActiveCfg = Release|Win32
		{C71EB676-CCAC-40E8-B499-2BE23494E8C4}.Release|Win32.Build.0 = Release|Win32
	EndGlobalSection
	GlobalSection(SolutionProperties) = preSolution
		HideSolutionNode = FALSE
	EndGlobalSection
	GlobalSection(NestedProjects) = preSolution
		{475EFD90-1640-A748-9B08-ABA21C0B992D} = {8F5B90F3-4B43-45DF-B2DF-855A941F7DDA}
		{5FA80F62-F74B-C345-A587-9EE3AE670A32} = {8F5B90F3-4B43-45DF-B2DF-855A941F7DDA}
		{8E0E9342-236E-4FAB-8B70-6A21A6E8F463} = {8F5B90F3-4B43-45DF-B2DF-855A941F7DDA}
		{88C5D06A-5980-0647-BC68-BE6C88366928} = {8F5B90F3-4B43-45DF-B2DF-855A941F7DDA}
		{A2C74D85-9E16-BB4E-8A48-8D1EDADCC83D} = {8F5B90F3-4B43-45DF-B2DF-855A941F7DDA}
		{5BBEB10F-F586-42B9-8E04-A3B219C20D9A} = {8F5B90F3-4B43-45DF-B2DF-855A941F7DDA}
		{0757FC7D-A029-4C29-B806-9CC05DC384A1} = {5BBEB10F-F586-42B9-8E04-A3B219C20D9A}
		{D0DA3016-67C0-4CD8-BAD1-2D122AC2D29D} = {5BBEB10F-F586-42B9-8E04-A3B219C20D9A}
		{21DB5D0C-2F40-4D79-BE75-021E3D35B2F9} = {5BBEB10F-F586-42B9-8E04-A3B219C20D9A}
		{38F8D6D1-8D5D-4543-9C7E-23AE0DE3A1E0} = {5BBEB10F-F586-42B9-8E04-A3B219C20D9A}
		{9006D124-5D00-4CB7-BAD9-F527B19502C9} = {5BBEB10F-F586-42B9-8E04-A3B219C20D9A}
		{8F5B90F3-4B43-45DF-B2DF-855A941F7DDA} = {AB9C4BC0-C0A4-448D-9437-1877689DA0C4}
		{C71EB676-CCAC-40E8-B499-2BE23494E8C4} = {AB9C4BC0-C0A4-448D-9437-1877689DA0C4}
	EndGlobalSection
EndGlobal
