<?xml version="1.0" encoding="UTF-8" standalone="yes" ?>
<CodeBlocks_project_file>
	<FileVersion major="1" minor="6" />
	<Project>
		<Option title="server" />
		<Option pch_mode="2" />
		<Option compiler="gcc" />
		<Build>
			<Target title="Release Linux">
				<Option output="../bin/vcmp-svr" prefix_auto="1" extension_auto="1" />
				<Option object_output="Release" />
				<Option type="1" />
				<Option compiler="gcc" />
				<Compiler>
					<Add option="-O2" />
				</Compiler>
				<Linker>
					<Add library="pthread" />
				</Linker>
			</Target>
		</Build>
		<Unit filename="../raknet/AutopatcherPatchContext.h" />
		<Unit filename="../raknet/AutopatcherRepositoryInterface.h" />
		<Unit filename="../raknet/BitStream.cpp" />
		<Unit filename="../raknet/BitStream.h" />
		<Unit filename="../raknet/CCRakNetUDT.cpp" />
		<Unit filename="../raknet/CCRakNetUDT.h" />
		<Unit filename="../raknet/CheckSum.cpp" />
		<Unit filename="../raknet/CheckSum.h" />
		<Unit filename="../raknet/CommandParserInterface.cpp" />
		<Unit filename="../raknet/CommandParserInterface.h" />
		<Unit filename="../raknet/ConnectionGraph2.cpp" />
		<Unit filename="../raknet/ConnectionGraph2.h" />
		<Unit filename="../raknet/ConsoleServer.cpp" />
		<Unit filename="../raknet/ConsoleServer.h" />
		<Unit filename="../raknet/DS_BPlusTree.h" />
		<Unit filename="../raknet/DS_BinarySearchTree.h" />
		<Unit filename="../raknet/DS_BytePool.cpp" />
		<Unit filename="../raknet/DS_BytePool.h" />
		<Unit filename="../raknet/DS_ByteQueue.cpp" />
		<Unit filename="../raknet/DS_ByteQueue.h" />
		<Unit filename="../raknet/DS_Heap.h" />
		<Unit filename="../raknet/DS_HuffmanEncodingTree.cpp" />
		<Unit filename="../raknet/DS_HuffmanEncodingTree.h" />
		<Unit filename="../raknet/DS_HuffmanEncodingTreeFactory.h" />
		<Unit filename="../raknet/DS_HuffmanEncodingTreeNode.h" />
		<Unit filename="../raknet/DS_LinkedList.h" />
		<Unit filename="../raknet/DS_List.h" />
		<Unit filename="../raknet/DS_Map.h" />
		<Unit filename="../raknet/DS_MemoryPool.h" />
		<Unit filename="../raknet/DS_Multilist.h" />
		<Unit filename="../raknet/DS_OrderedChannelHeap.h" />
		<Unit filename="../raknet/DS_OrderedList.h" />
		<Unit filename="../raknet/DS_Queue.h" />
		<Unit filename="../raknet/DS_QueueLinkedList.h" />
		<Unit filename="../raknet/DS_RangeList.h" />
		<Unit filename="../raknet/DS_StringKeyedHash.h" />
		<Unit filename="../raknet/DS_Table.cpp" />
		<Unit filename="../raknet/DS_Table.h" />
		<Unit filename="../raknet/DS_ThreadsafeAllocatingQueue.h" />
		<Unit filename="../raknet/DS_Tree.h" />
		<Unit filename="../raknet/DS_WeightedGraph.h" />
		<Unit filename="../raknet/DataCompressor.cpp" />
		<Unit filename="../raknet/DataCompressor.h" />
		<Unit filename="../raknet/DirectoryDeltaTransfer.cpp" />
		<Unit filename="../raknet/DirectoryDeltaTransfer.h" />
		<Unit filename="../raknet/EmailSender.cpp" />
		<Unit filename="../raknet/EmailSender.h" />
		<Unit filename="../raknet/EncodeClassName.cpp" />
		<Unit filename="../raknet/EpochTimeToString.cpp" />
		<Unit filename="../raknet/EpochTimeToString.h" />
		<Unit filename="../raknet/Export.h" />
		<Unit filename="../raknet/FileList.cpp" />
		<Unit filename="../raknet/FileList.h" />
		<Unit filename="../raknet/FileListNodeContext.h" />
		<Unit filename="../raknet/FileListTransfer.cpp" />
		<Unit filename="../raknet/FileListTransfer.h" />
		<Unit filename="../raknet/FileListTransferCBInterface.h" />
		<Unit filename="../raknet/FileOperations.cpp" />
		<Unit filename="../raknet/FileOperations.h" />
		<Unit filename="../raknet/FormatString.cpp" />
		<Unit filename="../raknet/FormatString.h" />
		<Unit filename="../raknet/FullyConnectedMesh2.cpp" />
		<Unit filename="../raknet/FullyConnectedMesh2.h" />
		<Unit filename="../raknet/GetTime.cpp" />
		<Unit filename="../raknet/GetTime.h" />
		<Unit filename="../raknet/Getche.cpp" />
		<Unit filename="../raknet/Getche.h" />
		<Unit filename="../raknet/GridSectorizer.cpp" />
		<Unit filename="../raknet/GridSectorizer.h" />
		<Unit filename="../raknet/HTTPConnection.cpp" />
		<Unit filename="../raknet/HTTPConnection.h" />
		<Unit filename="../raknet/IncrementalReadInterface.cpp" />
		<Unit filename="../raknet/IncrementalReadInterface.h" />
		<Unit filename="../raknet/InternalPacket.h" />
		<Unit filename="../raknet/Itoa.cpp" />
		<Unit filename="../raknet/Itoa.h" />
		<Unit filename="../raknet/Kbhit.h" />
		<Unit filename="../raknet/LinuxStrings.cpp" />
		<Unit filename="../raknet/LinuxStrings.h" />
		<Unit filename="../raknet/LogCommandParser.cpp" />
		<Unit filename="../raknet/LogCommandParser.h" />
		<Unit filename="../raknet/MTUSize.h" />
		<Unit filename="../raknet/MessageFilter.cpp" />
		<Unit filename="../raknet/MessageFilter.h" />
		<Unit filename="../raknet/MessageIdentifiers.h" />
		<Unit filename="../raknet/NatPunchthroughClient.cpp" />
		<Unit filename="../raknet/NatPunchthroughClient.h" />
		<Unit filename="../raknet/NatPunchthroughServer.cpp" />
		<Unit filename="../raknet/NatPunchthroughServer.h" />
		<Unit filename="../raknet/NatTypeDetectionClient.cpp" />
		<Unit filename="../raknet/NatTypeDetectionClient.h" />
		<Unit filename="../raknet/NatTypeDetectionCommon.cpp" />
		<Unit filename="../raknet/NatTypeDetectionCommon.h" />
		<Unit filename="../raknet/NatTypeDetectionServer.cpp" />
		<Unit filename="../raknet/NatTypeDetectionServer.h" />
		<Unit filename="../raknet/NativeFeatureIncludes.h" />
		<Unit filename="../raknet/NativeFeatureIncludesOverrides.h" />
		<Unit filename="../raknet/NativeTypes.h" />
		<Unit filename="../raknet/NetworkIDManager.cpp" />
		<Unit filename="../raknet/NetworkIDManager.h" />
		<Unit filename="../raknet/NetworkIDObject.cpp" />
		<Unit filename="../raknet/NetworkIDObject.h" />
		<Unit filename="../raknet/PacketConsoleLogger.cpp" />
		<Unit filename="../raknet/PacketConsoleLogger.h" />
		<Unit filename="../raknet/PacketFileLogger.cpp" />
		<Unit filename="../raknet/PacketFileLogger.h" />
		<Unit filename="../raknet/PacketLogger.cpp" />
		<Unit filename="../raknet/PacketLogger.h" />
		<Unit filename="../raknet/PacketPool.h" />
		<Unit filename="../raknet/PacketPriority.h" />
		<Unit filename="../raknet/PacketizedTCP.cpp" />
		<Unit filename="../raknet/PacketizedTCP.h" />
		<Unit filename="../raknet/PluginInterface2.cpp" />
		<Unit filename="../raknet/PluginInterface2.h" />
		<Unit filename="../raknet/RPC4Plugin.cpp" />
		<Unit filename="../raknet/RPC4Plugin.h" />
		<Unit filename="../raknet/RakAlloca.h" />
		<Unit filename="../raknet/RakAssert.h" />
		<Unit filename="../raknet/RakMemoryOverride.cpp" />
		<Unit filename="../raknet/RakMemoryOverride.h" />
		<Unit filename="../raknet/RakNetCommandParser.cpp" />
		<Unit filename="../raknet/RakNetCommandParser.h" />
		<Unit filename="../raknet/RakNetDefines.h" />
		<Unit filename="../raknet/RakNetDefinesOverrides.h" />
		<Unit filename="../raknet/RakNetSmartPtr.h" />
		<Unit filename="../raknet/RakNetSocket.cpp" />
		<Unit filename="../raknet/RakNetSocket.h" />
		<Unit filename="../raknet/RakNetStatistics.cpp" />
		<Unit filename="../raknet/RakNetStatistics.h" />
		<Unit filename="../raknet/RakNetTime.h" />
		<Unit filename="../raknet/RakNetTransport2.cpp" />
		<Unit filename="../raknet/RakNetTransport2.h" />
		<Unit filename="../raknet/RakNetTypes.cpp" />
		<Unit filename="../raknet/RakNetTypes.h" />
		<Unit filename="../raknet/RakNetVersion.h" />
		<Unit filename="../raknet/RakPeer.cpp" />
		<Unit filename="../raknet/RakPeer.h" />
		<Unit filename="../raknet/RakPeerInterface.h" />
		<Unit filename="../raknet/RakSleep.cpp" />
		<Unit filename="../raknet/RakSleep.h" />
		<Unit filename="../raknet/RakString.cpp" />
		<Unit filename="../raknet/RakString.h" />
		<Unit filename="../raknet/RakThread.cpp" />
		<Unit filename="../raknet/RakThread.h" />
		<Unit filename="../raknet/Rand.cpp" />
		<Unit filename="../raknet/Rand.h" />
		<Unit filename="../raknet/ReadyEvent.cpp" />
		<Unit filename="../raknet/ReadyEvent.h" />
		<Unit filename="../raknet/RefCountedObj.h" />
		<Unit filename="../raknet/ReliabilityLayer.cpp" />
		<Unit filename="../raknet/ReliabilityLayer.h" />
		<Unit filename="../raknet/Replica.h" />
		<Unit filename="../raknet/ReplicaEnums.h" />
		<Unit filename="../raknet/ReplicaManager3.cpp" />
		<Unit filename="../raknet/ReplicaManager3.h" />
		<Unit filename="../raknet/Router2.cpp" />
		<Unit filename="../raknet/Router2.h" />
		<Unit filename="../raknet/SHA1.cpp" />
		<Unit filename="../raknet/SHA1.h" />
		<Unit filename="../raknet/SecureHandshake.cpp" />
		<Unit filename="../raknet/SendToThread.cpp" />
		<Unit filename="../raknet/SendToThread.h" />
		<Unit filename="../raknet/SignaledEvent.cpp" />
		<Unit filename="../raknet/SignaledEvent.h" />
		<Unit filename="../raknet/SimpleMutex.cpp" />
		<Unit filename="../raknet/SimpleMutex.h" />
		<Unit filename="../raknet/SimpleTCPServer.h" />
		<Unit filename="../raknet/SingleProducerConsumer.h" />
		<Unit filename="../raknet/SocketIncludes.h" />
		<Unit filename="../raknet/SocketLayer.cpp" />
		<Unit filename="../raknet/SocketLayer.h" />
		<Unit filename="../raknet/StringCompressor.cpp" />
		<Unit filename="../raknet/StringCompressor.h" />
		<Unit filename="../raknet/StringTable.cpp" />
		<Unit filename="../raknet/StringTable.h" />
		<Unit filename="../raknet/SuperFastHash.cpp" />
		<Unit filename="../raknet/SuperFastHash.h" />
		<Unit filename="../raknet/TCPInterface.cpp" />
		<Unit filename="../raknet/TCPInterface.h" />
		<Unit filename="../raknet/TableSerializer.cpp" />
		<Unit filename="../raknet/TableSerializer.h" />
		<Unit filename="../raknet/TeamBalancer.cpp" />
		<Unit filename="../raknet/TeamBalancer.h" />
		<Unit filename="../raknet/TelnetTransport.cpp" />
		<Unit filename="../raknet/TelnetTransport.h" />
		<Unit filename="../raknet/ThreadPool.h" />
		<Unit filename="../raknet/ThreadsafePacketLogger.cpp" />
		<Unit filename="../raknet/ThreadsafePacketLogger.h" />
		<Unit filename="../raknet/TransportInterface.h" />
		<Unit filename="../raknet/UDPForwarder.cpp" />
		<Unit filename="../raknet/UDPForwarder.h" />
		<Unit filename="../raknet/UDPProxyClient.cpp" />
		<Unit filename="../raknet/UDPProxyClient.h" />
		<Unit filename="../raknet/UDPProxyCommon.h" />
		<Unit filename="../raknet/UDPProxyCoordinator.cpp" />
		<Unit filename="../raknet/UDPProxyCoordinator.h" />
		<Unit filename="../raknet/UDPProxyServer.cpp" />
		<Unit filename="../raknet/UDPProxyServer.h" />
		<Unit filename="../raknet/VariableDeltaSerializer.cpp" />
		<Unit filename="../raknet/VariableDeltaSerializer.h" />
		<Unit filename="../raknet/VariableListDeltaTracker.cpp" />
		<Unit filename="../raknet/VariableListDeltaTracker.h" />
		<Unit filename="../raknet/VariadicSQLParser.cpp" />
		<Unit filename="../raknet/VariadicSQLParser.h" />
		<Unit filename="../raknet/WSAStartupSingleton.cpp" />
		<Unit filename="../raknet/WSAStartupSingleton.h" />
		<Unit filename="../raknet/WindowsIncludes.h" />
		<Unit filename="../raknet/_FindFirst.cpp" />
		<Unit filename="../raknet/_FindFirst.h" />
		<Unit filename="../raknet/gettimeofday.cpp" />
		<Unit filename="../raknet/gettimeofday.h" />
		<Unit filename="../raknet/rdlmalloc-options.h" />
		<Unit filename="../raknet/rdlmalloc.cpp" />
		<Unit filename="../raknet/rdlmalloc.h" />
		<Unit filename="config.cpp" />
		<Unit filename="config.h" />
		<Unit filename="gamemode/generic.cpp" />
		<Unit filename="gamemode/generic.h" />
		<Unit filename="gamemode/genericrpc.cpp" />
		<Unit filename="gamemode/genericrpc.h" />
		<Unit filename="main.cpp" />
		<Unit filename="main.h" />
		<Unit filename="netgame.cpp" />
		<Unit filename="netgame.h" />
		<Unit filename="netrpc.cpp" />
		<Unit filename="netrpc.h" />
		<Unit filename="player.cpp" />
		<Unit filename="player.h" />
		<Unit filename="playerpool.cpp" />
		<Unit filename="playerpool.h" />
		<Unit filename="rcon.cpp" />
		<Unit filename="rcon.h" />
		<Unit filename="resource.h" />
		<Unit filename="scripts.cpp" />
		<Unit filename="scripts.h" />
		<Unit filename="server.ico" />
		<Unit filename="sq_functions.cpp" />
		<Unit filename="sq_functions.h" />
		<Unit filename="squirrel/sqapi.cpp" />
		<Unit filename="squirrel/sqarray.h" />
		<Unit filename="squirrel/sqbaselib.cpp" />
		<Unit filename="squirrel/sqclass.cpp" />
		<Unit filename="squirrel/sqclass.h" />
		<Unit filename="squirrel/sqclosure.h" />
		<Unit filename="squirrel/sqcompiler.cpp" />
		<Unit filename="squirrel/sqcompiler.h" />
		<Unit filename="squirrel/sqdebug.cpp" />
		<Unit filename="squirrel/sqfuncproto.h" />
		<Unit filename="squirrel/sqfuncstate.cpp" />
		<Unit filename="squirrel/sqfuncstate.h" />
		<Unit filename="squirrel/sqlexer.cpp" />
		<Unit filename="squirrel/sqlexer.h" />
		<Unit filename="squirrel/sqmem.cpp" />
		<Unit filename="squirrel/sqobject.cpp" />
		<Unit filename="squirrel/sqobject.h" />
		<Unit filename="squirrel/sqopcodes.h" />
		<Unit filename="squirrel/sqpcheader.h" />
		<Unit filename="squirrel/sqstackhandler.cpp" />
		<Unit filename="squirrel/sqstackhandler.h" />
		<Unit filename="squirrel/sqstate.cpp" />
		<Unit filename="squirrel/sqstate.h" />
		<Unit filename="squirrel/sqstdaux.cpp" />
		<Unit filename="squirrel/sqstdaux.h" />
		<Unit filename="squirrel/sqstdblob.cpp" />
		<Unit filename="squirrel/sqstdblob.h" />
		<Unit filename="squirrel/sqstdblobimpl.h" />
		<Unit filename="squirrel/sqstdio.cpp" />
		<Unit filename="squirrel/sqstdio.h" />
		<Unit filename="squirrel/sqstdmath.cpp" />
		<Unit filename="squirrel/sqstdmath.h" />
		<Unit filename="squirrel/sqstdrex.cpp" />
		<Unit filename="squirrel/sqstdstream.cpp" />
		<Unit filename="squirrel/sqstdstream.h" />
		<Unit filename="squirrel/sqstdstring.cpp" />
		<Unit filename="squirrel/sqstdstring.h" />
		<Unit filename="squirrel/sqstdsystem.cpp" />
		<Unit filename="squirrel/sqstdsystem.h" />
		<Unit filename="squirrel/sqstring.h" />
		<Unit filename="squirrel/sqtable.cpp" />
		<Unit filename="squirrel/sqtable.h" />
		<Unit filename="squirrel/squirrel.h" />
		<Unit filename="squirrel/squserdata.h" />
		<Unit filename="squirrel/squtils.h" />
		<Unit filename="squirrel/sqvm.cpp" />
		<Unit filename="squirrel/sqvm.h" />
		<Unit filename="system.h" />
		<Unit filename="vehicle.cpp" />
		<Unit filename="vehicle.h" />
		<Unit filename="vehiclepool.cpp" />
		<Unit filename="vehiclepool.h" />
		<Extensions>
			<code_completion />
			<debugger />
		</Extensions>
	</Project>
</CodeBlocks_project_file>
